// !$*UTF8*$!
{
	archiveVersion = 1;
	classes = {
	};
	objectVersion = 52;
	objects = {

/* Begin PBXBuildFile section */
		B32C8DFD2498F87F003562C9 /* AppDelegate.swift in Sources */ = {isa = PBXBuildFile; fileRef = B32C8DFC2498F87F003562C9 /* AppDelegate.swift */; };
		B32C8E012498F880003562C9 /* Assets.xcassets in Resources */ = {isa = PBXBuildFile; fileRef = B32C8E002498F880003562C9 /* Assets.xcassets */; };
		B32C8E042498F880003562C9 /* Preview Assets.xcassets in Resources */ = {isa = PBXBuildFile; fileRef = B32C8E032498F880003562C9 /* Preview Assets.xcassets */; };
		B32C8E072498F880003562C9 /* Main.storyboard in Resources */ = {isa = PBXBuildFile; fileRef = B32C8E052498F880003562C9 /* Main.storyboard */; };
		B32C8E4B24990810003562C9 /* README.md in Resources */ = {isa = PBXBuildFile; fileRef = B32C8E4A24990810003562C9 /* README.md */; };
		B32C8E4D24990892003562C9 /* LICENSE.txt in Resources */ = {isa = PBXBuildFile; fileRef = B32C8E4C24990892003562C9 /* LICENSE.txt */; };
		B372606424998AAE00C037A1 /* Highlightr in Frameworks */ = {isa = PBXBuildFile; productRef = B372606324998AAE00C037A1 /* Highlightr */; };
		B372606624998CC900C037A1 /* NSPasteboard+Extension.swift in Sources */ = {isa = PBXBuildFile; fileRef = B372606524998CC900C037A1 /* NSPasteboard+Extension.swift */; };
/* End PBXBuildFile section */

/* Begin PBXFileReference section */
		B32C8DF92498F87F003562C9 /* SyntaxPaste.app */ = {isa = PBXFileReference; explicitFileType = wrapper.application; includeInIndex = 0; path = SyntaxPaste.app; sourceTree = BUILT_PRODUCTS_DIR; };
		B32C8DFC2498F87F003562C9 /* AppDelegate.swift */ = {isa = PBXFileReference; lastKnownFileType = sourcecode.swift; path = AppDelegate.swift; sourceTree = "<group>"; };
		B32C8E002498F880003562C9 /* Assets.xcassets */ = {isa = PBXFileReference; lastKnownFileType = folder.assetcatalog; path = Assets.xcassets; sourceTree = "<group>"; };
		B32C8E032498F880003562C9 /* Preview Assets.xcassets */ = {isa = PBXFileReference; lastKnownFileType = folder.assetcatalog; path = "Preview Assets.xcassets"; sourceTree = "<group>"; };
		B32C8E062498F880003562C9 /* Base */ = {isa = PBXFileReference; lastKnownFileType = file.storyboard; name = Base; path = Base.lproj/Main.storyboard; sourceTree = "<group>"; };
		B32C8E082498F880003562C9 /* Info.plist */ = {isa = PBXFileReference; lastKnownFileType = text.plist.xml; path = Info.plist; sourceTree = "<group>"; };
		B32C8E092498F880003562C9 /* SyntaxPaste.entitlements */ = {isa = PBXFileReference; lastKnownFileType = text.plist.entitlements; path = SyntaxPaste.entitlements; sourceTree = "<group>"; };
		B32C8E4A24990810003562C9 /* README.md */ = {isa = PBXFileReference; fileEncoding = 4; lastKnownFileType = net.daringfireball.markdown; path = README.md; sourceTree = "<group>"; };
		B32C8E4C24990892003562C9 /* LICENSE.txt */ = {isa = PBXFileReference; fileEncoding = 4; lastKnownFileType = text; path = LICENSE.txt; sourceTree = "<group>"; };
		B372606524998CC900C037A1 /* NSPasteboard+Extension.swift */ = {isa = PBXFileReference; lastKnownFileType = sourcecode.swift; path = "NSPasteboard+Extension.swift"; sourceTree = "<group>"; };
/* End PBXFileReference section */

/* Begin PBXFrameworksBuildPhase section */
		B32C8DF62498F87F003562C9 /* Frameworks */ = {
			isa = PBXFrameworksBuildPhase;
			buildActionMask = 2147483647;
			files = (
				B372606424998AAE00C037A1 /* Highlightr in Frameworks */,
			);
			runOnlyForDeploymentPostprocessing = 0;
		};
/* End PBXFrameworksBuildPhase section */

/* Begin PBXGroup section */
		B32C8DF02498F87F003562C9 = {
			isa = PBXGroup;
			children = (
				B32C8E4A24990810003562C9 /* README.md */,
				B32C8E4C24990892003562C9 /* LICENSE.txt */,
				B32C8DFB2498F87F003562C9 /* SyntaxPaste */,
				B32C8DFA2498F87F003562C9 /* Products */,
			);
			sourceTree = "<group>";
		};
		B32C8DFA2498F87F003562C9 /* Products */ = {
			isa = PBXGroup;
			children = (
				B32C8DF92498F87F003562C9 /* SyntaxPaste.app */,
			);
			name = Products;
			sourceTree = "<group>";
		};
		B32C8DFB2498F87F003562C9 /* SyntaxPaste */ = {
			isa = PBXGroup;
			children = (
				B32C8DFC2498F87F003562C9 /* AppDelegate.swift */,
				B372606524998CC900C037A1 /* NSPasteboard+Extension.swift */,
				B32C8E002498F880003562C9 /* Assets.xcassets */,
				B32C8E052498F880003562C9 /* Main.storyboard */,
				B32C8E082498F880003562C9 /* Info.plist */,
				B32C8E092498F880003562C9 /* SyntaxPaste.entitlements */,
				B32C8E022498F880003562C9 /* Preview Content */,
			);
			path = SyntaxPaste;
			sourceTree = "<group>";
		};
		B32C8E022498F880003562C9 /* Preview Content */ = {
			isa = PBXGroup;
			children = (
				B32C8E032498F880003562C9 /* Preview Assets.xcassets */,
			);
			path = "Preview Content";
			sourceTree = "<group>";
		};
/* End PBXGroup section */

/* Begin PBXNativeTarget section */
		B32C8DF82498F87F003562C9 /* SyntaxPaste */ = {
			isa = PBXNativeTarget;
			buildConfigurationList = B32C8E0C2498F880003562C9 /* Build configuration list for PBXNativeTarget "SyntaxPaste" */;
			buildPhases = (
				B32C8DF52498F87F003562C9 /* Sources */,
				B32C8DF62498F87F003562C9 /* Frameworks */,
				B32C8DF72498F87F003562C9 /* Resources */,
			);
			buildRules = (
			);
			dependencies = (
			);
			name = SyntaxPaste;
			packageProductDependencies = (
				B372606324998AAE00C037A1 /* Highlightr */,
			);
			productName = SyntaxPaste;
			productReference = B32C8DF92498F87F003562C9 /* SyntaxPaste.app */;
			productType = "com.apple.product-type.application";
		};
/* End PBXNativeTarget section */

/* Begin PBXProject section */
		B32C8DF12498F87F003562C9 /* Project object */ = {
			isa = PBXProject;
			attributes = {
				LastSwiftUpdateCheck = 1140;
				LastUpgradeCheck = 1140;
				ORGANIZATIONNAME = "Peter Luo";
				TargetAttributes = {
					B32C8DF82498F87F003562C9 = {
						CreatedOnToolsVersion = 11.4;
					};
				};
			};
			buildConfigurationList = B32C8DF42498F87F003562C9 /* Build configuration list for PBXProject "SyntaxPaste" */;
			compatibilityVersion = "Xcode 9.3";
			developmentRegion = en;
			hasScannedForEncodings = 0;
			knownRegions = (
				en,
				Base,
			);
			mainGroup = B32C8DF02498F87F003562C9;
			packageReferences = (
				B372606224998AAE00C037A1 /* XCRemoteSwiftPackageReference "Highlightr" */,
			);
			productRefGroup = B32C8DFA2498F87F003562C9 /* Products */;
			projectDirPath = "";
			projectRoot = "";
			targets = (
				B32C8DF82498F87F003562C9 /* SyntaxPaste */,
			);
		};
/* End PBXProject section */

/* Begin PBXResourcesBuildPhase section */
		B32C8DF72498F87F003562C9 /* Resources */ = {
			isa = PBXResourcesBuildPhase;
			buildActionMask = 2147483647;
			files = (
				B32C8E072498F880003562C9 /* Main.storyboard in Resources */,
				B32C8E042498F880003562C9 /* Preview Assets.xcassets in Resources */,
				B32C8E4B24990810003562C9 /* README.md in Resources */,
				B32C8E4D24990892003562C9 /* LICENSE.txt in Resources */,
				B32C8E012498F880003562C9 /* Assets.xcassets in Resources */,
			);
			runOnlyForDeploymentPostprocessing = 0;
		};
/* End PBXResourcesBuildPhase section */

/* Begin PBXSourcesBuildPhase section */
		B32C8DF52498F87F003562C9 /* Sources */ = {
			isa = PBXSourcesBuildPhase;
			buildActionMask = 2147483647;
			files = (
				B32C8DFD2498F87F003562C9 /* AppDelegate.swift in Sources */,
				B372606624998CC900C037A1 /* NSPasteboard+Extension.swift in Sources */,
			);
			runOnlyForDeploymentPostprocessing = 0;
		};
/* End PBXSourcesBuildPhase section */

/* Begin PBXVariantGroup section */
		B32C8E052498F880003562C9 /* Main.storyboard */ = {
			isa = PBXVariantGroup;
			children = (
				B32C8E062498F880003562C9 /* Base */,
			);
			name = Main.storyboard;
			sourceTree = "<group>";
		};
/* End PBXVariantGroup section */

/* Begin XCBuildConfiguration section */
		B32C8E0A2498F880003562C9 /* Debug */ = {
			isa = XCBuildConfiguration;
			buildSettings = {
				ALWAYS_SEARCH_USER_PATHS = NO;
				CLANG_ANALYZER_NONNULL = YES;
				CLANG_ANALYZER_NUMBER_OBJECT_CONVERSION = YES_AGGRESSIVE;
				CLANG_CXX_LANGUAGE_STANDARD = "gnu++14";
				CLANG_CXX_LIBRARY = "libc++";
				CLANG_ENABLE_MODULES = YES;
				CLANG_ENABLE_OBJC_ARC = YES;
				CLANG_ENABLE_OBJC_WEAK = YES;
				CLANG_WARN_BLOCK_CAPTURE_AUTORELEASING = YES;
				CLANG_WARN_BOOL_CONVERSION = YES;
				CLANG_WARN_COMMA = YES;
				CLANG_WARN_CONSTANT_CONVERSION = YES;
				CLANG_WARN_DEPRECATED_OBJC_IMPLEMENTATIONS = YES;
				CLANG_WARN_DIRECT_OBJC_ISA_USAGE = YES_ERROR;
				CLANG_WARN_DOCUMENTATION_COMMENTS = YES;
				CLANG_WARN_EMPTY_BODY = YES;
				CLANG_WARN_ENUM_CONVERSION = YES;
				CLANG_WARN_INFINITE_RECURSION = YES;
				CLANG_WARN_INT_CONVERSION = YES;
				CLANG_WARN_NON_LITERAL_NULL_CONVERSION = YES;
				CLANG_WARN_OBJC_IMPLICIT_RETAIN_SELF = YES;
				CLANG_WARN_OBJC_LITERAL_CONVERSION = YES;
				CLANG_WARN_OBJC_ROOT_CLASS = YES_ERROR;
				CLANG_WARN_RANGE_LOOP_ANALYSIS = YES;
				CLANG_WARN_STRICT_PROTOTYPES = YES;
				CLANG_WARN_SUSPICIOUS_MOVE = YES;
				CLANG_WARN_UNGUARDED_AVAILABILITY = YES_AGGRESSIVE;
				CLANG_WARN_UNREACHABLE_CODE = YES;
				CLANG_WARN__DUPLICATE_METHOD_MATCH = YES;
				COPY_PHASE_STRIP = NO;
				DEBUG_INFORMATION_FORMAT = dwarf;
				ENABLE_STRICT_OBJC_MSGSEND = YES;
				ENABLE_TESTABILITY = YES;
				GCC_C_LANGUAGE_STANDARD = gnu11;
				GCC_DYNAMIC_NO_PIC = NO;
				GCC_NO_COMMON_BLOCKS = YES;
				GCC_OPTIMIZATION_LEVEL = 0;
				GCC_PREPROCESSOR_DEFINITIONS = (
					"DEBUG=1",
					"$(inherited)",
				);
				GCC_WARN_64_TO_32_BIT_CONVERSION = YES;
				GCC_WARN_ABOUT_RETURN_TYPE = YES_ERROR;
				GCC_WARN_UNDECLARED_SELECTOR = YES;
				GCC_WARN_UNINITIALIZED_AUTOS = YES_AGGRESSIVE;
				GCC_WARN_UNUSED_FUNCTION = YES;
				GCC_WARN_UNUSED_VARIABLE = YES;
				MACOSX_DEPLOYMENT_TARGET = 10.15;
				MTL_ENABLE_DEBUG_INFO = INCLUDE_SOURCE;
				MTL_FAST_MATH = YES;
				ONLY_ACTIVE_ARCH = YES;
				SDKROOT = macosx;
				SWIFT_ACTIVE_COMPILATION_CONDITIONS = DEBUG;
				SWIFT_OPTIMIZATION_LEVEL = "-Onone";
			};
			name = Debug;
		};
		B32C8E0B2498F880003562C9 /* Release */ = {
			isa = XCBuildConfiguration;
			buildSettings = {
				ALWAYS_SEARCH_USER_PATHS = NO;
				CLANG_ANALYZER_NONNULL = YES;
				CLANG_ANALYZER_NUMBER_OBJECT_CONVERSION = YES_AGGRESSIVE;
				CLANG_CXX_LANGUAGE_STANDARD = "gnu++14";
				CLANG_CXX_LIBRARY = "libc++";
				CLANG_ENABLE_MODULES = YES;
				CLANG_ENABLE_OBJC_ARC = YES;
				CLANG_ENABLE_OBJC_WEAK = YES;
				CLANG_WARN_BLOCK_CAPTURE_AUTORELEASING = YES;
				CLANG_WARN_BOOL_CONVERSION = YES;
				CLANG_WARN_COMMA = YES;
				CLANG_WARN_CONSTANT_CONVERSION = YES;
				CLANG_WARN_DEPRECATED_OBJC_IMPLEMENTATIONS = YES;
				CLANG_WARN_DIRECT_OBJC_ISA_USAGE = YES_ERROR;
				CLANG_WARN_DOCUMENTATION_COMMENTS = YES;
				CLANG_WARN_EMPTY_BODY = YES;
				CLANG_WARN_ENUM_CONVERSION = YES;
				CLANG_WARN_INFINITE_RECURSION = YES;
				CLANG_WARN_INT_CONVERSION = YES;
				CLANG_WARN_NON_LITERAL_NULL_CONVERSION = YES;
				CLANG_WARN_OBJC_IMPLICIT_RETAIN_SELF = YES;
				CLANG_WARN_OBJC_LITERAL_CONVERSION = YES;
				CLANG_WARN_OBJC_ROOT_CLASS = YES_ERROR;
				CLANG_WARN_RANGE_LOOP_ANALYSIS = YES;
				CLANG_WARN_STRICT_PROTOTYPES = YES;
				CLANG_WARN_SUSPICIOUS_MOVE = YES;
				CLANG_WARN_UNGUARDED_AVAILABILITY = YES_AGGRESSIVE;
				CLANG_WARN_UNREACHABLE_CODE = YES;
				CLANG_WARN__DUPLICATE_METHOD_MATCH = YES;
				COPY_PHASE_STRIP = NO;
				DEBUG_INFORMATION_FORMAT = "dwarf-with-dsym";
				ENABLE_NS_ASSERTIONS = NO;
				ENABLE_STRICT_OBJC_MSGSEND = YES;
				GCC_C_LANGUAGE_STANDARD = gnu11;
				GCC_NO_COMMON_BLOCKS = YES;
				GCC_WARN_64_TO_32_BIT_CONVERSION = YES;
				GCC_WARN_ABOUT_RETURN_TYPE = YES_ERROR;
				GCC_WARN_UNDECLARED_SELECTOR = YES;
				GCC_WARN_UNINITIALIZED_AUTOS = YES_AGGRESSIVE;
				GCC_WARN_UNUSED_FUNCTION = YES;
				GCC_WARN_UNUSED_VARIABLE = YES;
				MACOSX_DEPLOYMENT_TARGET = 10.15;
				MTL_ENABLE_DEBUG_INFO = NO;
				MTL_FAST_MATH = YES;
				SDKROOT = macosx;
				SWIFT_COMPILATION_MODE = wholemodule;
				SWIFT_OPTIMIZATION_LEVEL = "-O";
			};
			name = Release;
		};
		B32C8E0D2498F880003562C9 /* Debug */ = {
			isa = XCBuildConfiguration;
			buildSettings = {
				ASSETCATALOG_COMPILER_APPICON_NAME = AppIcon;
				CODE_SIGN_ENTITLEMENTS = SyntaxPaste/SyntaxPaste.entitlements;
				CODE_SIGN_STYLE = Automatic;
				COMBINE_HIDPI_IMAGES = YES;
				DEVELOPMENT_ASSET_PATHS = "\"SyntaxPaste/Preview Content\"";
				DEVELOPMENT_TEAM = VGURA84Q2L;
				ENABLE_HARDENED_RUNTIME = YES;
				ENABLE_PREVIEWS = YES;
				INFOPLIST_FILE = SyntaxPaste/Info.plist;
				LD_RUNPATH_SEARCH_PATHS = (
					"$(inherited)",
					"@executable_path/../Frameworks",
				);
				MACOSX_DEPLOYMENT_TARGET = 10.15;
				PRODUCT_BUNDLE_IDENTIFIER = com.pzl.SyntaxPaste;
				PRODUCT_NAME = "$(TARGET_NAME)";
				SWIFT_VERSION = 5.0;
			};
			name = Debug;
		};
		B32C8E0E2498F880003562C9 /* Release */ = {
			isa = XCBuildConfiguration;
			buildSettings = {
				ASSETCATALOG_COMPILER_APPICON_NAME = AppIcon;
				CODE_SIGN_ENTITLEMENTS = SyntaxPaste/SyntaxPaste.entitlements;
				CODE_SIGN_STYLE = Automatic;
				COMBINE_HIDPI_IMAGES = YES;
				DEVELOPMENT_ASSET_PATHS = "\"SyntaxPaste/Preview Content\"";
				DEVELOPMENT_TEAM = VGURA84Q2L;
				ENABLE_HARDENED_RUNTIME = YES;
				ENABLE_PREVIEWS = YES;
				INFOPLIST_FILE = SyntaxPaste/Info.plist;
				LD_RUNPATH_SEARCH_PATHS = (
					"$(inherited)",
					"@executable_path/../Frameworks",
				);
				MACOSX_DEPLOYMENT_TARGET = 10.15;
				PRODUCT_BUNDLE_IDENTIFIER = com.pzl.SyntaxPaste;
				PRODUCT_NAME = "$(TARGET_NAME)";
				SWIFT_VERSION = 5.0;
			};
			name = Release;
		};
/* End XCBuildConfiguration section */

/* Begin XCConfigurationList section */
		B32C8DF42498F87F003562C9 /* Build configuration list for PBXProject "SyntaxPaste" */ = {
			isa = XCConfigurationList;
			buildConfigurations = (
				B32C8E0A2498F880003562C9 /* Debug */,
				B32C8E0B2498F880003562C9 /* Release */,
			);
			defaultConfigurationIsVisible = 0;
			defaultConfigurationName = Release;
		};
		B32C8E0C2498F880003562C9 /* Build configuration list for PBXNativeTarget "SyntaxPaste" */ = {
			isa = XCConfigurationList;
			buildConfigurations = (
				B32C8E0D2498F880003562C9 /* Debug */,
				B32C8E0E2498F880003562C9 /* Release */,
			);
			defaultConfigurationIsVisible = 0;
			defaultConfigurationName = Release;
		};
/* End XCConfigurationList section */

/* Begin XCRemoteSwiftPackageReference section */
		B372606224998AAE00C037A1 /* XCRemoteSwiftPackageReference "Highlightr" */ = {
			isa = XCRemoteSwiftPackageReference;
			repositoryURL = "https://github.com/helje5/Highlightr.git";
			requirement = {
				kind = upToNextMajorVersion;
				minimumVersion = 3.0.0;
			};
		};
/* End XCRemoteSwiftPackageReference section */

/* Begin XCSwiftPackageProductDependency section */
		B372606324998AAE00C037A1 /* Highlightr */ = {
			isa = XCSwiftPackageProductDependency;
			package = B372606224998AAE00C037A1 /* XCRemoteSwiftPackageReference "Highlightr" */;
			productName = Highlightr;
		};
/* End XCSwiftPackageProductDependency section */
	};
	rootObject = B32C8DF12498F87F003562C9 /* Project object */;
}
